// !$*UTF8*$!
{
	archiveVersion = 1;
	classes = {
	};
	objectVersion = 46;
	objects = {

/* Begin PBXBuildFile section */
		21CABC6633224969870786FC /* libPods-Bicycle.a in Frameworks */ = {isa = PBXBuildFile; fileRef = 91098A2162154254872C2712 /* libPods-Bicycle.a */; };
		5C438A2819687DF300B73CFE /* BCLAPIResponseSerializer.m in Sources */ = {isa = PBXBuildFile; fileRef = 5C438A2719687DF300B73CFE /* BCLAPIResponseSerializer.m */; };
		5C438A2C1968849300B73CFE /* BCLStationAPIResponse.m in Sources */ = {isa = PBXBuildFile; fileRef = 5C438A2B1968849300B73CFE /* BCLStationAPIResponse.m */; };
		5C438A30196886C600B73CFE /* BCLStation.m in Sources */ = {isa = PBXBuildFile; fileRef = 5C438A2F196886C600B73CFE /* BCLStation.m */; };
		5C438A3319691B6800B73CFE /* BCLModel.m in Sources */ = {isa = PBXBuildFile; fileRef = 5C438A3219691B6800B73CFE /* BCLModel.m */; };
		5C438A38196920EA00B73CFE /* BCLAPIResponse.m in Sources */ = {isa = PBXBuildFile; fileRef = 5C438A37196920EA00B73CFE /* BCLAPIResponse.m */; };
		5C438A3B1969217300B73CFE /* BCLStationsAPIResponse.m in Sources */ = {isa = PBXBuildFile; fileRef = 5C438A3A1969217300B73CFE /* BCLStationsAPIResponse.m */; };
		5C438A4019695F3000B73CFE /* BCLModule.m in Sources */ = {isa = PBXBuildFile; fileRef = 5C438A3F19695F3000B73CFE /* BCLModule.m */; };
		5C438A4419695F8A00B73CFE /* Objection+BetterObjectiveC.m in Sources */ = {isa = PBXBuildFile; fileRef = 5C438A4319695F8A00B73CFE /* Objection+BetterObjectiveC.m */; };
		5C438A461969702D00B73CFE /* ServiceRegions.plist in Resources */ = {isa = PBXBuildFile; fileRef = 5C438A451969702D00B73CFE /* ServiceRegions.plist */; };
		5C51AA20196B2E4B008AD112 /* MapKit.framework in Frameworks */ = {isa = PBXBuildFile; fileRef = 5C51AA1F196B2E4B008AD112 /* MapKit.framework */; };
		5C51AA24196B30ED008AD112 /* MKCoordinateRegion+String.m in Sources */ = {isa = PBXBuildFile; fileRef = 5C51AA23196B30ED008AD112 /* MKCoordinateRegion+String.m */; };
		5C51AA28196B33B7008AD112 /* BCLAnnotation.m in Sources */ = {isa = PBXBuildFile; fileRef = 5C51AA27196B33B7008AD112 /* BCLAnnotation.m */; };
		5C6DE3E719686ABD007EB5FD /* GMSCameraPosition+BetterXcodeIntegration.m in Sources */ = {isa = PBXBuildFile; fileRef = 5C6DE3E619686ABD007EB5FD /* GMSCameraPosition+BetterXcodeIntegration.m */; };
		5C6DE3EE19687602007EB5FD /* BCLAPIClient.m in Sources */ = {isa = PBXBuildFile; fileRef = 5C6DE3ED19687602007EB5FD /* BCLAPIClient.m */; };
		5C7546F9196981C200290D94 /* Crashlytics.framework in Frameworks */ = {isa = PBXBuildFile; fileRef = 5C7546F8196981C200290D94 /* Crashlytics.framework */; };
		5C7546FD1969825200290D94 /* Mantle+Reusability.m in Sources */ = {isa = PBXBuildFile; fileRef = 5C7546FC1969825200290D94 /* Mantle+Reusability.m */; };
		5C7547011969913600290D94 /* BCLStationsMonitoringService.m in Sources */ = {isa = PBXBuildFile; fileRef = 5C7547001969913600290D94 /* BCLStationsMonitoringService.m */; };
		5C77757519685B5B00B0D1CA /* main.m in Sources */ = {isa = PBXBuildFile; fileRef = 5C77757419685B5B00B0D1CA /* main.m */; };
		5C77757819685B5B00B0D1CA /* BCLAppDelegate.m in Sources */ = {isa = PBXBuildFile; fileRef = 5C77757719685B5B00B0D1CA /* BCLAppDelegate.m */; };
		5C77757E19685B5B00B0D1CA /* Main.storyboard in Resources */ = {isa = PBXBuildFile; fileRef = 5C77757C19685B5B00B0D1CA /* Main.storyboard */; };
		5C77758019685B5B00B0D1CA /* Images.xcassets in Resources */ = {isa = PBXBuildFile; fileRef = 5C77757F19685B5B00B0D1CA /* Images.xcassets */; };
		5C77758C19685B5B00B0D1CA /* BicycleTests.m in Sources */ = {isa = PBXBuildFile; fileRef = 5C77758B19685B5B00B0D1CA /* BicycleTests.m */; };
		5C9AEE371968616400A5B257 /* BCLMapViewController.m in Sources */ = {isa = PBXBuildFile; fileRef = 5C9AEE361968616400A5B257 /* BCLMapViewController.m */; };
/* End PBXBuildFile section */

/* Begin PBXContainerItemProxy section */
		5C77758619685B5B00B0D1CA /* PBXContainerItemProxy */ = {
			isa = PBXContainerItemProxy;
			containerPortal = 5C77756719685B5A00B0D1CA /* Project object */;
			proxyType = 1;
			remoteGlobalIDString = 5C77756E19685B5A00B0D1CA;
			remoteInfo = Bicycle;
		};
/* End PBXContainerItemProxy section */

/* Begin PBXFileReference section */
		5C438A2619687DF300B73CFE /* BCLAPIResponseSerializer.h */ = {isa = PBXFileReference; fileEncoding = 4; lastKnownFileType = sourcecode.c.h; path = BCLAPIResponseSerializer.h; sourceTree = "<group>"; };
		5C438A2719687DF300B73CFE /* BCLAPIResponseSerializer.m */ = {isa = PBXFileReference; fileEncoding = 4; lastKnownFileType = sourcecode.c.objc; path = BCLAPIResponseSerializer.m; sourceTree = "<group>"; };
		5C438A291968831000B73CFE /* BCLAPIResponseSerializerProtocol.h */ = {isa = PBXFileReference; lastKnownFileType = sourcecode.c.h; path = BCLAPIResponseSerializerProtocol.h; sourceTree = "<group>"; };
		5C438A2A1968849300B73CFE /* BCLStationAPIResponse.h */ = {isa = PBXFileReference; fileEncoding = 4; lastKnownFileType = sourcecode.c.h; path = BCLStationAPIResponse.h; sourceTree = "<group>"; };
		5C438A2B1968849300B73CFE /* BCLStationAPIResponse.m */ = {isa = PBXFileReference; fileEncoding = 4; lastKnownFileType = sourcecode.c.objc; path = BCLStationAPIResponse.m; sourceTree = "<group>"; };
		5C438A2E196886C600B73CFE /* BCLStation.h */ = {isa = PBXFileReference; fileEncoding = 4; lastKnownFileType = sourcecode.c.h; path = BCLStation.h; sourceTree = "<group>"; };
		5C438A2F196886C600B73CFE /* BCLStation.m */ = {isa = PBXFileReference; fileEncoding = 4; lastKnownFileType = sourcecode.c.objc; path = BCLStation.m; sourceTree = "<group>"; };
		5C438A3119691B6800B73CFE /* BCLModel.h */ = {isa = PBXFileReference; fileEncoding = 4; lastKnownFileType = sourcecode.c.h; path = BCLModel.h; sourceTree = "<group>"; };
		5C438A3219691B6800B73CFE /* BCLModel.m */ = {isa = PBXFileReference; fileEncoding = 4; lastKnownFileType = sourcecode.c.objc; path = BCLModel.m; sourceTree = "<group>"; };
		5C438A3419691B8400B73CFE /* BCLMacros.h */ = {isa = PBXFileReference; lastKnownFileType = sourcecode.c.h; path = BCLMacros.h; sourceTree = "<group>"; };
		5C438A36196920EA00B73CFE /* BCLAPIResponse.h */ = {isa = PBXFileReference; fileEncoding = 4; lastKnownFileType = sourcecode.c.h; path = BCLAPIResponse.h; sourceTree = "<group>"; };
		5C438A37196920EA00B73CFE /* BCLAPIResponse.m */ = {isa = PBXFileReference; fileEncoding = 4; lastKnownFileType = sourcecode.c.objc; path = BCLAPIResponse.m; sourceTree = "<group>"; };
		5C438A391969217300B73CFE /* BCLStationsAPIResponse.h */ = {isa = PBXFileReference; fileEncoding = 4; lastKnownFileType = sourcecode.c.h; path = BCLStationsAPIResponse.h; sourceTree = "<group>"; };
		5C438A3A1969217300B73CFE /* BCLStationsAPIResponse.m */ = {isa = PBXFileReference; fileEncoding = 4; lastKnownFileType = sourcecode.c.objc; path = BCLStationsAPIResponse.m; sourceTree = "<group>"; };
		5C438A3E19695F3000B73CFE /* BCLModule.h */ = {isa = PBXFileReference; fileEncoding = 4; lastKnownFileType = sourcecode.c.h; path = BCLModule.h; sourceTree = "<group>"; };
		5C438A3F19695F3000B73CFE /* BCLModule.m */ = {isa = PBXFileReference; fileEncoding = 4; lastKnownFileType = sourcecode.c.objc; path = BCLModule.m; sourceTree = "<group>"; };
		5C438A4219695F8A00B73CFE /* Objection+BetterObjectiveC.h */ = {isa = PBXFileReference; fileEncoding = 4; lastKnownFileType = sourcecode.c.h; name = "Objection+BetterObjectiveC.h"; path = "Objection+BetterObjectiveC/Objection+BetterObjectiveC.h"; sourceTree = "<group>"; };
		5C438A4319695F8A00B73CFE /* Objection+BetterObjectiveC.m */ = {isa = PBXFileReference; fileEncoding = 4; lastKnownFileType = sourcecode.c.objc; name = "Objection+BetterObjectiveC.m"; path = "Objection+BetterObjectiveC/Objection+BetterObjectiveC.m"; sourceTree = "<group>"; };
		5C438A451969702D00B73CFE /* ServiceRegions.plist */ = {isa = PBXFileReference; fileEncoding = 4; lastKnownFileType = text.plist.xml; path = ServiceRegions.plist; sourceTree = "<group>"; };
		5C51AA1F196B2E4B008AD112 /* MapKit.framework */ = {isa = PBXFileReference; lastKnownFileType = wrapper.framework; name = MapKit.framework; path = System/Library/Frameworks/MapKit.framework; sourceTree = SDKROOT; };
		5C51AA22196B30ED008AD112 /* MKCoordinateRegion+String.h */ = {isa = PBXFileReference; fileEncoding = 4; lastKnownFileType = sourcecode.c.h; path = "MKCoordinateRegion+String.h"; sourceTree = "<group>"; };
		5C51AA23196B30ED008AD112 /* MKCoordinateRegion+String.m */ = {isa = PBXFileReference; fileEncoding = 4; lastKnownFileType = sourcecode.c.objc; path = "MKCoordinateRegion+String.m"; sourceTree = "<group>"; };
		5C51AA26196B33B7008AD112 /* BCLAnnotation.h */ = {isa = PBXFileReference; fileEncoding = 4; lastKnownFileType = sourcecode.c.h; path = BCLAnnotation.h; sourceTree = "<group>"; };
		5C51AA27196B33B7008AD112 /* BCLAnnotation.m */ = {isa = PBXFileReference; fileEncoding = 4; lastKnownFileType = sourcecode.c.objc; path = BCLAnnotation.m; sourceTree = "<group>"; };
		5C6DE3E5196869DB007EB5FD /* GMSCameraPosition+BetterXcodeIntegration.h */ = {isa = PBXFileReference; lastKnownFileType = sourcecode.c.h; name = "GMSCameraPosition+BetterXcodeIntegration.h"; path = "GoogleMaps+BetterXcode/GMSCameraPosition+BetterXcodeIntegration.h"; sourceTree = "<group>"; };
		5C6DE3E619686ABD007EB5FD /* GMSCameraPosition+BetterXcodeIntegration.m */ = {isa = PBXFileReference; fileEncoding = 4; lastKnownFileType = sourcecode.c.objc; name = "GMSCameraPosition+BetterXcodeIntegration.m"; path = "GoogleMaps+BetterXcode/GMSCameraPosition+BetterXcodeIntegration.m"; sourceTree = "<group>"; };
		5C6DE3EC19687602007EB5FD /* BCLAPIClient.h */ = {isa = PBXFileReference; fileEncoding = 4; lastKnownFileType = sourcecode.c.h; path = BCLAPIClient.h; sourceTree = "<group>"; };
		5C6DE3ED19687602007EB5FD /* BCLAPIClient.m */ = {isa = PBXFileReference; fileEncoding = 4; lastKnownFileType = sourcecode.c.objc; path = BCLAPIClient.m; sourceTree = "<group>"; };
		5C6DE3EF1968772E007EB5FD /* BCLAPIClientProtocol.h */ = {isa = PBXFileReference; lastKnownFileType = sourcecode.c.h; path = BCLAPIClientProtocol.h; sourceTree = "<group>"; };
		5C6EF66D1968673800077137 /* GMSMapView+BetterXcodeIntegration.h */ = {isa = PBXFileReference; lastKnownFileType = sourcecode.c.h; name = "GMSMapView+BetterXcodeIntegration.h"; path = "GoogleMaps+BetterXcode/GMSMapView+BetterXcodeIntegration.h"; sourceTree = "<group>"; };
		5C6EF66E1968679600077137 /* GoogleMaps+BetterXcodeIntegration.h */ = {isa = PBXFileReference; fileEncoding = 4; lastKnownFileType = sourcecode.c.h; name = "GoogleMaps+BetterXcodeIntegration.h"; path = "GoogleMaps+BetterXcode/GoogleMaps+BetterXcodeIntegration.h"; sourceTree = "<group>"; };
		5C7546F8196981C200290D94 /* Crashlytics.framework */ = {isa = PBXFileReference; lastKnownFileType = wrapper.framework; path = Crashlytics.framework; sourceTree = "<group>"; };
		5C7546FB1969825200290D94 /* Mantle+Reusability.h */ = {isa = PBXFileReference; fileEncoding = 4; lastKnownFileType = sourcecode.c.h; name = "Mantle+Reusability.h"; path = "Mantle+Reusability/Mantle+Reusability.h"; sourceTree = "<group>"; };
		5C7546FC1969825200290D94 /* Mantle+Reusability.m */ = {isa = PBXFileReference; fileEncoding = 4; lastKnownFileType = sourcecode.c.objc; name = "Mantle+Reusability.m"; path = "Mantle+Reusability/Mantle+Reusability.m"; sourceTree = "<group>"; };
		5C7546FF1969913600290D94 /* BCLStationsMonitoringService.h */ = {isa = PBXFileReference; fileEncoding = 4; lastKnownFileType = sourcecode.c.h; path = BCLStationsMonitoringService.h; sourceTree = "<group>"; };
		5C7547001969913600290D94 /* BCLStationsMonitoringService.m */ = {isa = PBXFileReference; fileEncoding = 4; lastKnownFileType = sourcecode.c.objc; path = BCLStationsMonitoringService.m; sourceTree = "<group>"; };
		5C7547031969AE9700290D94 /* Bicycle.pch */ = {isa = PBXFileReference; lastKnownFileType = sourcecode.c.h; path = Bicycle.pch; sourceTree = "<group>"; };
		5C77756F19685B5A00B0D1CA /* Bicycle.app */ = {isa = PBXFileReference; explicitFileType = wrapper.application; includeInIndex = 0; path = Bicycle.app; sourceTree = BUILT_PRODUCTS_DIR; };
		5C77757319685B5B00B0D1CA /* Info.plist */ = {isa = PBXFileReference; lastKnownFileType = text.plist.xml; path = Info.plist; sourceTree = "<group>"; };
		5C77757419685B5B00B0D1CA /* main.m */ = {isa = PBXFileReference; lastKnownFileType = sourcecode.c.objc; path = main.m; sourceTree = "<group>"; };
		5C77757619685B5B00B0D1CA /* BCLAppDelegate.h */ = {isa = PBXFileReference; lastKnownFileType = sourcecode.c.h; path = BCLAppDelegate.h; sourceTree = "<group>"; };
		5C77757719685B5B00B0D1CA /* BCLAppDelegate.m */ = {isa = PBXFileReference; lastKnownFileType = sourcecode.c.objc; path = BCLAppDelegate.m; sourceTree = "<group>"; };
		5C77757D19685B5B00B0D1CA /* Base */ = {isa = PBXFileReference; lastKnownFileType = file.storyboard; name = Base; path = Base.lproj/Main.storyboard; sourceTree = "<group>"; };
		5C77757F19685B5B00B0D1CA /* Images.xcassets */ = {isa = PBXFileReference; lastKnownFileType = folder.assetcatalog; path = Images.xcassets; sourceTree = "<group>"; };
		5C77758519685B5B00B0D1CA /* BicycleTests.xctest */ = {isa = PBXFileReference; explicitFileType = wrapper.cfbundle; includeInIndex = 0; path = BicycleTests.xctest; sourceTree = BUILT_PRODUCTS_DIR; };
		5C77758A19685B5B00B0D1CA /* Info.plist */ = {isa = PBXFileReference; lastKnownFileType = text.plist.xml; path = Info.plist; sourceTree = "<group>"; };
		5C77758B19685B5B00B0D1CA /* BicycleTests.m */ = {isa = PBXFileReference; lastKnownFileType = sourcecode.c.objc; path = BicycleTests.m; sourceTree = "<group>"; };
		5C9AEE351968616400A5B257 /* BCLMapViewController.h */ = {isa = PBXFileReference; fileEncoding = 4; lastKnownFileType = sourcecode.c.h; path = BCLMapViewController.h; sourceTree = "<group>"; };
		5C9AEE361968616400A5B257 /* BCLMapViewController.m */ = {isa = PBXFileReference; fileEncoding = 4; lastKnownFileType = sourcecode.c.objc; path = BCLMapViewController.m; sourceTree = "<group>"; };
		91098A2162154254872C2712 /* libPods-Bicycle.a */ = {isa = PBXFileReference; explicitFileType = archive.ar; includeInIndex = 0; path = "libPods-Bicycle.a"; sourceTree = BUILT_PRODUCTS_DIR; };
		DE25243DB6AF4A4F8C633093 /* Pods-Bicycle.xcconfig */ = {isa = PBXFileReference; includeInIndex = 1; lastKnownFileType = text.xcconfig; name = "Pods-Bicycle.xcconfig"; path = "Pods/Pods-Bicycle.xcconfig"; sourceTree = "<group>"; };
/* End PBXFileReference section */

/* Begin PBXFrameworksBuildPhase section */
		5C77756C19685B5A00B0D1CA /* Frameworks */ = {
			isa = PBXFrameworksBuildPhase;
			buildActionMask = 2147483647;
			files = (
				5C7546F9196981C200290D94 /* Crashlytics.framework in Frameworks */,
				5C51AA20196B2E4B008AD112 /* MapKit.framework in Frameworks */,
				21CABC6633224969870786FC /* libPods-Bicycle.a in Frameworks */,
			);
			runOnlyForDeploymentPostprocessing = 0;
		};
		5C77758219685B5B00B0D1CA /* Frameworks */ = {
			isa = PBXFrameworksBuildPhase;
			buildActionMask = 2147483647;
			files = (
			);
			runOnlyForDeploymentPostprocessing = 0;
		};
/* End PBXFrameworksBuildPhase section */

/* Begin PBXGroup section */
		562636F566F2481B84C8679C /* Frameworks */ = {
			isa = PBXGroup;
			children = (
				5C51AA1F196B2E4B008AD112 /* MapKit.framework */,
				5C7546F8196981C200290D94 /* Crashlytics.framework */,
				91098A2162154254872C2712 /* libPods-Bicycle.a */,
			);
			name = Frameworks;
			sourceTree = "<group>";
		};
		5C438A2D1968861A00B73CFE /* Model */ = {
			isa = PBXGroup;
			children = (
				5C438A2E196886C600B73CFE /* BCLStation.h */,
				5C438A2F196886C600B73CFE /* BCLStation.m */,
				5C438A3119691B6800B73CFE /* BCLModel.h */,
				5C438A3219691B6800B73CFE /* BCLModel.m */,
			);
			name = Model;
			sourceTree = "<group>";
		};
		5C438A35196920D300B73CFE /* Response */ = {
			isa = PBXGroup;
			children = (
				5C438A36196920EA00B73CFE /* BCLAPIResponse.h */,
				5C438A37196920EA00B73CFE /* BCLAPIResponse.m */,
				5C438A391969217300B73CFE /* BCLStationsAPIResponse.h */,
				5C438A3A1969217300B73CFE /* BCLStationsAPIResponse.m */,
			);
			name = Response;
			sourceTree = "<group>";
		};
		5C438A3D19695F1300B73CFE /* Dependency Injection */ = {
			isa = PBXGroup;
			children = (
				5C438A3E19695F3000B73CFE /* BCLModule.h */,
				5C438A3F19695F3000B73CFE /* BCLModule.m */,
			);
			name = "Dependency Injection";
			sourceTree = "<group>";
		};
		5C438A4119695F6000B73CFE /* Objection+BetterObjectiveC */ = {
			isa = PBXGroup;
			children = (
				5C438A4219695F8A00B73CFE /* Objection+BetterObjectiveC.h */,
				5C438A4319695F8A00B73CFE /* Objection+BetterObjectiveC.m */,
			);
			name = "Objection+BetterObjectiveC";
			sourceTree = "<group>";
		};
		5C51AA21196B30BB008AD112 /* MKCoordinateRegion+Strings */ = {
			isa = PBXGroup;
			children = (
				5C51AA22196B30ED008AD112 /* MKCoordinateRegion+String.h */,
				5C51AA23196B30ED008AD112 /* MKCoordinateRegion+String.m */,
			);
			name = "MKCoordinateRegion+Strings";
			sourceTree = "<group>";
		};
		5C51AA25196B33AD008AD112 /* Annotations */ = {
			isa = PBXGroup;
			children = (
				5C51AA26196B33B7008AD112 /* BCLAnnotation.h */,
				5C51AA27196B33B7008AD112 /* BCLAnnotation.m */,
			);
			name = Annotations;
			sourceTree = "<group>";
		};
		5C6DE3EA19687547007EB5FD /* Services */ = {
			isa = PBXGroup;
			children = (
				5C6DE3F11968785F007EB5FD /* Monitoring Tasks */,
				5C6DE3F019687859007EB5FD /* API */,
			);
			name = Services;
			sourceTree = "<group>";
		};
		5C6DE3EB19687561007EB5FD /* Trash */ = {
			isa = PBXGroup;
			children = (
				5C77757219685B5B00B0D1CA /* Supporting Files */,
				5C77757019685B5A00B0D1CA /* Products */,
				DE25243DB6AF4A4F8C633093 /* Pods-Bicycle.xcconfig */,
				562636F566F2481B84C8679C /* Frameworks */,
			);
			name = Trash;
			sourceTree = "<group>";
		};
		5C6DE3F019687859007EB5FD /* API */ = {
			isa = PBXGroup;
			children = (
				5C438A35196920D300B73CFE /* Response */,
				5C6DE3EC19687602007EB5FD /* BCLAPIClient.h */,
				5C6DE3ED19687602007EB5FD /* BCLAPIClient.m */,
				5C6DE3EF1968772E007EB5FD /* BCLAPIClientProtocol.h */,
				5C438A2619687DF300B73CFE /* BCLAPIResponseSerializer.h */,
				5C438A2719687DF300B73CFE /* BCLAPIResponseSerializer.m */,
				5C438A291968831000B73CFE /* BCLAPIResponseSerializerProtocol.h */,
				5C438A2A1968849300B73CFE /* BCLStationAPIResponse.h */,
				5C438A2B1968849300B73CFE /* BCLStationAPIResponse.m */,
			);
			name = API;
			sourceTree = "<group>";
		};
		5C6DE3F11968785F007EB5FD /* Monitoring Tasks */ = {
			isa = PBXGroup;
			children = (
				5C7546FF1969913600290D94 /* BCLStationsMonitoringService.h */,
				5C7547001969913600290D94 /* BCLStationsMonitoringService.m */,
			);
			name = "Monitoring Tasks";
			sourceTree = "<group>";
		};
		5C7546FA1969822800290D94 /* Mantle+Reusability */ = {
			isa = PBXGroup;
			children = (
				5C7546FB1969825200290D94 /* Mantle+Reusability.h */,
				5C7546FC1969825200290D94 /* Mantle+Reusability.m */,
			);
			name = "Mantle+Reusability";
			sourceTree = "<group>";
		};
		5C7546FE196990B800290D94 /* Data Provides */ = {
			isa = PBXGroup;
			children = (
			);
			name = "Data Provides";
			sourceTree = "<group>";
		};
		5C77756619685B5A00B0D1CA = {
			isa = PBXGroup;
			children = (
				5C77757119685B5A00B0D1CA /* Bicycle */,
				5C77758819685B5B00B0D1CA /* Tests */,
				5C6DE3EB19687561007EB5FD /* Trash */,
			);
			sourceTree = "<group>";
		};
		5C77757019685B5A00B0D1CA /* Products */ = {
			isa = PBXGroup;
			children = (
				5C77756F19685B5A00B0D1CA /* Bicycle.app */,
				5C77758519685B5B00B0D1CA /* BicycleTests.xctest */,
			);
			name = Products;
			sourceTree = "<group>";
		};
		5C77757119685B5A00B0D1CA /* Bicycle */ = {
			isa = PBXGroup;
			children = (
				5C438A2D1968861A00B73CFE /* Model */,
				5C6DE3EA19687547007EB5FD /* Services */,
				5C9AEE3C1968668500A5B257 /* Utlities */,
				5C9AEE3B1968667900A5B257 /* App */,
				5C9AEE381968665E00A5B257 /* View Controllers */,
				5C9AEE3A1968666C00A5B257 /* Resources */,
			);
			path = Bicycle;
			sourceTree = "<group>";
		};
		5C77757219685B5B00B0D1CA /* Supporting Files */ = {
			isa = PBXGroup;
			children = (
				5C77757319685B5B00B0D1CA /* Info.plist */,
				5C77757419685B5B00B0D1CA /* main.m */,
				5C7547031969AE9700290D94 /* Bicycle.pch */,
			);
			name = "Supporting Files";
			path = Bicycle;
			sourceTree = "<group>";
		};
		5C77758819685B5B00B0D1CA /* Tests */ = {
			isa = PBXGroup;
			children = (
				5C77758B19685B5B00B0D1CA /* BicycleTests.m */,
				5C77758919685B5B00B0D1CA /* Supporting Files */,
			);
			name = Tests;
			path = BicycleTests;
			sourceTree = "<group>";
		};
		5C77758919685B5B00B0D1CA /* Supporting Files */ = {
			isa = PBXGroup;
			children = (
				5C77758A19685B5B00B0D1CA /* Info.plist */,
			);
			name = "Supporting Files";
			sourceTree = "<group>";
		};
		5C9AEE381968665E00A5B257 /* View Controllers */ = {
			isa = PBXGroup;
			children = (
				5C9AEE391968666400A5B257 /* Map */,
			);
			name = "View Controllers";
			sourceTree = "<group>";
		};
		5C9AEE391968666400A5B257 /* Map */ = {
			isa = PBXGroup;
			children = (
				5C51AA25196B33AD008AD112 /* Annotations */,
				5C7546FE196990B800290D94 /* Data Provides */,
				5C9AEE351968616400A5B257 /* BCLMapViewController.h */,
				5C9AEE361968616400A5B257 /* BCLMapViewController.m */,
			);
			name = Map;
			sourceTree = "<group>";
		};
		5C9AEE3A1968666C00A5B257 /* Resources */ = {
			isa = PBXGroup;
			children = (
				5C77757C19685B5B00B0D1CA /* Main.storyboard */,
				5C77757F19685B5B00B0D1CA /* Images.xcassets */,
				5C438A451969702D00B73CFE /* ServiceRegions.plist */,
			);
			name = Resources;
			sourceTree = "<group>";
		};
		5C9AEE3B1968667900A5B257 /* App */ = {
			isa = PBXGroup;
			children = (
				5C438A3D19695F1300B73CFE /* Dependency Injection */,
				5C77757619685B5B00B0D1CA /* BCLAppDelegate.h */,
				5C77757719685B5B00B0D1CA /* BCLAppDelegate.m */,
			);
			name = App;
			sourceTree = "<group>";
		};
		5C9AEE3C1968668500A5B257 /* Utlities */ = {
			isa = PBXGroup;
			children = (
				5C51AA21196B30BB008AD112 /* MKCoordinateRegion+Strings */,
				5C7546FA1969822800290D94 /* Mantle+Reusability */,
				5C438A4119695F6000B73CFE /* Objection+BetterObjectiveC */,
				5C9AEE3F196867C700A5B257 /* GoogleMaps+BetterXcodeIntegration */,
				5C438A3419691B8400B73CFE /* BCLMacros.h */,
			);
			name = Utlities;
			sourceTree = "<group>";
		};
		5C9AEE3F196867C700A5B257 /* GoogleMaps+BetterXcodeIntegration */ = {
			isa = PBXGroup;
			children = (
				5C6DE3E5196869DB007EB5FD /* GMSCameraPosition+BetterXcodeIntegration.h */,
				5C6DE3E619686ABD007EB5FD /* GMSCameraPosition+BetterXcodeIntegration.m */,
				5C6EF66D1968673800077137 /* GMSMapView+BetterXcodeIntegration.h */,
				5C6EF66E1968679600077137 /* GoogleMaps+BetterXcodeIntegration.h */,
			);
			name = "GoogleMaps+BetterXcodeIntegration";
			sourceTree = "<group>";
		};
/* End PBXGroup section */

/* Begin PBXNativeTarget section */
		5C77756E19685B5A00B0D1CA /* Bicycle */ = {
			isa = PBXNativeTarget;
			buildConfigurationList = 5C77758F19685B5B00B0D1CA /* Build configuration list for PBXNativeTarget "Bicycle" */;
			buildPhases = (
				8431EAFCFCCF437E88CFDF51 /* Check Pods Manifest.lock */,
				5C77756B19685B5A00B0D1CA /* Sources */,
				5C77756C19685B5A00B0D1CA /* Frameworks */,
				5C77756D19685B5A00B0D1CA /* Resources */,
				81295E9CC45A4ECEA926FC7A /* Copy Pods Resources */,
				5C7546F71969817500290D94 /* Crashlytics */,
			);
			buildRules = (
			);
			dependencies = (
			);
			name = Bicycle;
			productName = Bicycle;
			productReference = 5C77756F19685B5A00B0D1CA /* Bicycle.app */;
			productType = "com.apple.product-type.application";
		};
		5C77758419685B5B00B0D1CA /* BicycleTests */ = {
			isa = PBXNativeTarget;
			buildConfigurationList = 5C77759219685B5B00B0D1CA /* Build configuration list for PBXNativeTarget "BicycleTests" */;
			buildPhases = (
				5C77758119685B5B00B0D1CA /* Sources */,
				5C77758219685B5B00B0D1CA /* Frameworks */,
				5C77758319685B5B00B0D1CA /* Resources */,
			);
			buildRules = (
			);
			dependencies = (
				5C77758719685B5B00B0D1CA /* PBXTargetDependency */,
			);
			name = BicycleTests;
			productName = BicycleTests;
			productReference = 5C77758519685B5B00B0D1CA /* BicycleTests.xctest */;
			productType = "com.apple.product-type.bundle.unit-test";
		};
/* End PBXNativeTarget section */

/* Begin PBXProject section */
		5C77756719685B5A00B0D1CA /* Project object */ = {
			isa = PBXProject;
			attributes = {
				CLASSPREFIX = BCL;
				LastUpgradeCheck = 0600;
				ORGANIZATIONNAME = "Sash Zats";
				TargetAttributes = {
					5C77756E19685B5A00B0D1CA = {
						CreatedOnToolsVersion = 6.0;
						SystemCapabilities = {
							com.apple.iOS = {
								enabled = 1;
							};
						};
					};
					5C77758419685B5B00B0D1CA = {
						CreatedOnToolsVersion = 6.0;
						TestTargetID = 5C77756E19685B5A00B0D1CA;
					};
				};
			};
			buildConfigurationList = 5C77756A19685B5A00B0D1CA /* Build configuration list for PBXProject "Bicycle" */;
			compatibilityVersion = "Xcode 3.2";
			developmentRegion = English;
			hasScannedForEncodings = 0;
			knownRegions = (
				en,
				Base,
			);
			mainGroup = 5C77756619685B5A00B0D1CA;
			productRefGroup = 5C77757019685B5A00B0D1CA /* Products */;
			projectDirPath = "";
			projectRoot = "";
			targets = (
				5C77756E19685B5A00B0D1CA /* Bicycle */,
				5C77758419685B5B00B0D1CA /* BicycleTests */,
			);
		};
/* End PBXProject section */

/* Begin PBXResourcesBuildPhase section */
		5C77756D19685B5A00B0D1CA /* Resources */ = {
			isa = PBXResourcesBuildPhase;
			buildActionMask = 2147483647;
			files = (
				5C77757E19685B5B00B0D1CA /* Main.storyboard in Resources */,
				5C77758019685B5B00B0D1CA /* Images.xcassets in Resources */,
				5C438A461969702D00B73CFE /* ServiceRegions.plist in Resources */,
			);
			runOnlyForDeploymentPostprocessing = 0;
		};
		5C77758319685B5B00B0D1CA /* Resources */ = {
			isa = PBXResourcesBuildPhase;
			buildActionMask = 2147483647;
			files = (
			);
			runOnlyForDeploymentPostprocessing = 0;
		};
/* End PBXResourcesBuildPhase section */

/* Begin PBXShellScriptBuildPhase section */
		5C7546F71969817500290D94 /* Crashlytics */ = {
			isa = PBXShellScriptBuildPhase;
			buildActionMask = 2147483647;
			files = (
			);
			inputPaths = (
			);
			name = Crashlytics;
			outputPaths = (
			);
			runOnlyForDeploymentPostprocessing = 0;
			shellPath = /bin/sh;
			shellScript = "./Crashlytics.framework/run 1806f0e415eca8782897d8254a1363122c77c03a 2b5acc049504c1077095f7bd52b60173f9130607ded96d551c1c56e40ba0205f";
		};
		81295E9CC45A4ECEA926FC7A /* Copy Pods Resources */ = {
			isa = PBXShellScriptBuildPhase;
			buildActionMask = 2147483647;
			files = (
			);
			inputPaths = (
			);
			name = "Copy Pods Resources";
			outputPaths = (
			);
			runOnlyForDeploymentPostprocessing = 0;
			shellPath = /bin/sh;
			shellScript = "\"${SRCROOT}/Pods/Pods-Bicycle-resources.sh\"\n";
			showEnvVarsInLog = 0;
		};
		8431EAFCFCCF437E88CFDF51 /* Check Pods Manifest.lock */ = {
			isa = PBXShellScriptBuildPhase;
			buildActionMask = 2147483647;
			files = (
			);
			inputPaths = (
			);
			name = "Check Pods Manifest.lock";
			outputPaths = (
			);
			runOnlyForDeploymentPostprocessing = 0;
			shellPath = /bin/sh;
			shellScript = "diff \"${PODS_ROOT}/../Podfile.lock\" \"${PODS_ROOT}/Manifest.lock\" > /dev/null\nif [[ $? != 0 ]] ; then\n    cat << EOM\nerror: The sandbox is not in sync with the Podfile.lock. Run 'pod install' or update your CocoaPods installation.\nEOM\n    exit 1\nfi\n";
			showEnvVarsInLog = 0;
		};
/* End PBXShellScriptBuildPhase section */

/* Begin PBXSourcesBuildPhase section */
		5C77756B19685B5A00B0D1CA /* Sources */ = {
			isa = PBXSourcesBuildPhase;
			buildActionMask = 2147483647;
			files = (
				5C51AA28196B33B7008AD112 /* BCLAnnotation.m in Sources */,
				5C7546FD1969825200290D94 /* Mantle+Reusability.m in Sources */,
				5C438A38196920EA00B73CFE /* BCLAPIResponse.m in Sources */,
				5C77757819685B5B00B0D1CA /* BCLAppDelegate.m in Sources */,
				5C77757519685B5B00B0D1CA /* main.m in Sources */,
				5C6DE3E719686ABD007EB5FD /* GMSCameraPosition+BetterXcodeIntegration.m in Sources */,
				5C7547011969913600290D94 /* BCLStationsMonitoringService.m in Sources */,
				5C6DE3EE19687602007EB5FD /* BCLAPIClient.m in Sources */,
				5C438A4019695F3000B73CFE /* BCLModule.m in Sources */,
				5C438A3B1969217300B73CFE /* BCLStationsAPIResponse.m in Sources */,
				5C438A3319691B6800B73CFE /* BCLModel.m in Sources */,
				5C438A4419695F8A00B73CFE /* Objection+BetterObjectiveC.m in Sources */,
				5C438A30196886C600B73CFE /* BCLStation.m in Sources */,
				5C51AA24196B30ED008AD112 /* MKCoordinateRegion+String.m in Sources */,
				5C438A2819687DF300B73CFE /* BCLAPIResponseSerializer.m in Sources */,
				5C438A2C1968849300B73CFE /* BCLStationAPIResponse.m in Sources */,
				5C9AEE371968616400A5B257 /* BCLMapViewController.m in Sources */,
			);
			runOnlyForDeploymentPostprocessing = 0;
		};
		5C77758119685B5B00B0D1CA /* Sources */ = {
			isa = PBXSourcesBuildPhase;
			buildActionMask = 2147483647;
			files = (
				5C77758C19685B5B00B0D1CA /* BicycleTests.m in Sources */,
			);
			runOnlyForDeploymentPostprocessing = 0;
		};
/* End PBXSourcesBuildPhase section */

/* Begin PBXTargetDependency section */
		5C77758719685B5B00B0D1CA /* PBXTargetDependency */ = {
			isa = PBXTargetDependency;
			target = 5C77756E19685B5A00B0D1CA /* Bicycle */;
			targetProxy = 5C77758619685B5B00B0D1CA /* PBXContainerItemProxy */;
		};
/* End PBXTargetDependency section */

/* Begin PBXVariantGroup section */
		5C77757C19685B5B00B0D1CA /* Main.storyboard */ = {
			isa = PBXVariantGroup;
			children = (
				5C77757D19685B5B00B0D1CA /* Base */,
			);
			name = Main.storyboard;
			sourceTree = "<group>";
		};
/* End PBXVariantGroup section */

/* Begin XCBuildConfiguration section */
		5C77758D19685B5B00B0D1CA /* Debug */ = {
			isa = XCBuildConfiguration;
			buildSettings = {
				ALWAYS_SEARCH_USER_PATHS = NO;
				CLANG_CXX_LANGUAGE_STANDARD = "gnu++0x";
				CLANG_CXX_LIBRARY = "libc++";
				CLANG_ENABLE_MODULES = YES;
				CLANG_ENABLE_OBJC_ARC = YES;
				CLANG_WARN_BOOL_CONVERSION = YES;
				CLANG_WARN_CONSTANT_CONVERSION = YES;
				CLANG_WARN_DIRECT_OBJC_ISA_USAGE = YES_ERROR;
				CLANG_WARN_EMPTY_BODY = YES;
				CLANG_WARN_ENUM_CONVERSION = YES;
				CLANG_WARN_INT_CONVERSION = YES;
				CLANG_WARN_OBJC_ROOT_CLASS = YES_ERROR;
				CLANG_WARN_UNREACHABLE_CODE = YES;
				CLANG_WARN__DUPLICATE_METHOD_MATCH = YES;
				"CODE_SIGN_IDENTITY[sdk=iphoneos*]" = "iPhone Developer";
				COPY_PHASE_STRIP = NO;
				ENABLE_STRICT_OBJC_MSGSEND = YES;
				GCC_C_LANGUAGE_STANDARD = gnu99;
				GCC_DYNAMIC_NO_PIC = NO;
				GCC_OPTIMIZATION_LEVEL = 0;
				GCC_PREPROCESSOR_DEFINITIONS = (
					"DEBUG=1",
					"$(inherited)",
				);
				GCC_SYMBOLS_PRIVATE_EXTERN = NO;
				GCC_WARN_64_TO_32_BIT_CONVERSION = YES;
				GCC_WARN_ABOUT_RETURN_TYPE = YES_ERROR;
				GCC_WARN_UNDECLARED_SELECTOR = YES;
				GCC_WARN_UNINITIALIZED_AUTOS = YES_AGGRESSIVE;
				GCC_WARN_UNUSED_FUNCTION = YES;
				GCC_WARN_UNUSED_VARIABLE = YES;
				IPHONEOS_DEPLOYMENT_TARGET = 8.0;
				METAL_ENABLE_DEBUG_INFO = YES;
				ONLY_ACTIVE_ARCH = YES;
				SDKROOT = iphoneos;
			};
			name = Debug;
		};
		5C77758E19685B5B00B0D1CA /* Release */ = {
			isa = XCBuildConfiguration;
			buildSettings = {
				ALWAYS_SEARCH_USER_PATHS = NO;
				CLANG_CXX_LANGUAGE_STANDARD = "gnu++0x";
				CLANG_CXX_LIBRARY = "libc++";
				CLANG_ENABLE_MODULES = YES;
				CLANG_ENABLE_OBJC_ARC = YES;
				CLANG_WARN_BOOL_CONVERSION = YES;
				CLANG_WARN_CONSTANT_CONVERSION = YES;
				CLANG_WARN_DIRECT_OBJC_ISA_USAGE = YES_ERROR;
				CLANG_WARN_EMPTY_BODY = YES;
				CLANG_WARN_ENUM_CONVERSION = YES;
				CLANG_WARN_INT_CONVERSION = YES;
				CLANG_WARN_OBJC_ROOT_CLASS = YES_ERROR;
				CLANG_WARN_UNREACHABLE_CODE = YES;
				CLANG_WARN__DUPLICATE_METHOD_MATCH = YES;
				"CODE_SIGN_IDENTITY[sdk=iphoneos*]" = "iPhone Developer";
				COPY_PHASE_STRIP = YES;
				ENABLE_NS_ASSERTIONS = NO;
				ENABLE_STRICT_OBJC_MSGSEND = YES;
				GCC_C_LANGUAGE_STANDARD = gnu99;
				GCC_WARN_64_TO_32_BIT_CONVERSION = YES;
				GCC_WARN_ABOUT_RETURN_TYPE = YES_ERROR;
				GCC_WARN_UNDECLARED_SELECTOR = YES;
				GCC_WARN_UNINITIALIZED_AUTOS = YES_AGGRESSIVE;
				GCC_WARN_UNUSED_FUNCTION = YES;
				GCC_WARN_UNUSED_VARIABLE = YES;
				IPHONEOS_DEPLOYMENT_TARGET = 8.0;
				METAL_ENABLE_DEBUG_INFO = NO;
				SDKROOT = iphoneos;
				VALIDATE_PRODUCT = YES;
			};
			name = Release;
		};
		5C77759019685B5B00B0D1CA /* Debug */ = {
			isa = XCBuildConfiguration;
			baseConfigurationReference = DE25243DB6AF4A4F8C633093 /* Pods-Bicycle.xcconfig */;
			buildSettings = {
				ASSETCATALOG_COMPILER_APPICON_NAME = AppIcon;
				ASSETCATALOG_COMPILER_LAUNCHIMAGE_NAME = LaunchImage;
				FRAMEWORK_SEARCH_PATHS = (
					"$(inherited)",
					"$(PROJECT_DIR)",
				);
				GCC_PREFIX_HEADER = Bicycle/Bicycle.pch;
				INFOPLIST_FILE = Bicycle/Info.plist;
				LD_RUNPATH_SEARCH_PATHS = "$(inherited) @executable_path/Frameworks";
				PRODUCT_NAME = "$(TARGET_NAME)";
			};
			name = Debug;
		};
		5C77759119685B5B00B0D1CA /* Release */ = {
			isa = XCBuildConfiguration;
			baseConfigurationReference = DE25243DB6AF4A4F8C633093 /* Pods-Bicycle.xcconfig */;
			buildSettings = {
				ASSETCATALOG_COMPILER_APPICON_NAME = AppIcon;
				ASSETCATALOG_COMPILER_LAUNCHIMAGE_NAME = LaunchImage;
				FRAMEWORK_SEARCH_PATHS = (
					"$(inherited)",
					"$(PROJECT_DIR)",
				);
				GCC_PREFIX_HEADER = Bicycle/Bicycle.pch;
				INFOPLIST_FILE = Bicycle/Info.plist;
				LD_RUNPATH_SEARCH_PATHS = "$(inherited) @executable_path/Frameworks";
				PRODUCT_NAME = "$(TARGET_NAME)";
			};
			name = Release;
		};
		5C77759319685B5B00B0D1CA /* Debug */ = {
			isa = XCBuildConfiguration;
			buildSettings = {
				BUNDLE_LOADER = "$(BUILT_PRODUCTS_DIR)/Bicycle.app/Bicycle";
				FRAMEWORK_SEARCH_PATHS = (
					"$(SDKROOT)/Developer/Library/Frameworks",
					"$(inherited)",
				);
				GCC_PREPROCESSOR_DEFINITIONS = (
					"DEBUG=1",
					"$(inherited)",
				);
				INFOPLIST_FILE = BicycleTests/Info.plist;
				LD_RUNPATH_SEARCH_PATHS = "$(inherited) @executable_path/Frameworks @loader_path/Frameworks";
				METAL_ENABLE_DEBUG_INFO = YES;
				PRODUCT_NAME = "$(TARGET_NAME)";
				TEST_HOST = "$(BUNDLE_LOADER)";
			};
			name = Debug;
		};
		5C77759419685B5B00B0D1CA /* Release */ = {
			isa = XCBuildConfiguration;
			buildSettings = {
				BUNDLE_LOADER = "$(BUILT_PRODUCTS_DIR)/Bicycle.app/Bicycle";
				FRAMEWORK_SEARCH_PATHS = (
					"$(SDKROOT)/Developer/Library/Frameworks",
					"$(inherited)",
				);
				INFOPLIST_FILE = BicycleTests/Info.plist;
				LD_RUNPATH_SEARCH_PATHS = "$(inherited) @executable_path/Frameworks @loader_path/Frameworks";
				METAL_ENABLE_DEBUG_INFO = NO;
				PRODUCT_NAME = "$(TARGET_NAME)";
				TEST_HOST = "$(BUNDLE_LOADER)";
			};
			name = Release;
		};
/* End XCBuildConfiguration section */

/* Begin XCConfigurationList section */
		5C77756A19685B5A00B0D1CA /* Build configuration list for PBXProject "Bicycle" */ = {
			isa = XCConfigurationList;
			buildConfigurations = (
				5C77758D19685B5B00B0D1CA /* Debug */,
				5C77758E19685B5B00B0D1CA /* Release */,
			);
			defaultConfigurationIsVisible = 0;
			defaultConfigurationName = Release;
		};
		5C77758F19685B5B00B0D1CA /* Build configuration list for PBXNativeTarget "Bicycle" */ = {
			isa = XCConfigurationList;
			buildConfigurations = (
				5C77759019685B5B00B0D1CA /* Debug */,
				5C77759119685B5B00B0D1CA /* Release */,
			);
			defaultConfigurationIsVisible = 0;
			defaultConfigurationName = Release;
		};
		5C77759219685B5B00B0D1CA /* Build configuration list for PBXNativeTarget "BicycleTests" */ = {
			isa = XCConfigurationList;
			buildConfigurations = (
				5C77759319685B5B00B0D1CA /* Debug */,
				5C77759419685B5B00B0D1CA /* Release */,
			);
			defaultConfigurationIsVisible = 0;
			defaultConfigurationName = Release;
		};
/* End XCConfigurationList section */
	};
	rootObject = 5C77756719685B5A00B0D1CA /* Project object */;
}
